Microsoft Visual Studio Solution File, Format Version 12.00
# Visual Studio Version 17
VisualStudioVersion = 17.5.2.0
MinimumVisualStudioVersion = 10.0.40219.1
Project("{FAE04EC0-301F-11D3-BF4B-00C04F79EFBC}") = "OnlineCourse", "OnlineCourse.csproj", "{D0093A83-6969-7F51-0D46-39CAD36A8129}"
EndProject
Global
	GlobalSection(SolutionConfigurationPlatforms) = preSolution
		Debug|Any CPU = Debug|Any CPU
		Release|Any CPU = Release|Any CPU
	EndGlobalSection
	GlobalSection(ProjectConfigurationPlatforms) = postSolution
		{D0093A83-6969-7F51-0D46-39CAD36A8129}.Debug|Any CPU.ActiveCfg = Debug|Any CPU
		{D0093A83-6969-7F51-0D46-39CAD36A8129}.Debug|Any CPU.Build.0 = Debug|Any CPU
		{D0093A83-6969-7F51-0D46-39CAD36A8129}.Release|Any CPU.ActiveCfg = Release|Any CPU
		{D0093A83-6969-7F51-0D46-39CAD36A8129}.Release|Any CPU.Build.0 = Release|Any CPU
	EndGlobalSection
	GlobalSection(SolutionProperties) = preSolution
		HideSolutionNode = FALSE
	EndGlobalSection
	GlobalSection(ExtensibilityGlobals) = postSolution
		SolutionGuid = {16527512-9126-4BDD-82ED-5AABFA8C90CD}
	EndGlobalSection
EndGlobal
